{
  "name": "webatqin",
  "lockfileVersion": 3,
  "requires": true,
  "packages": {
    "": {
      "dependencies": {
        "@iconify/iconify": "^3.1.1"
      },
      "devDependencies": {
        "@iconify/tailwind": "^0.1.4"
      }
    },
    "node_modules/@iconify/iconify": {
      "version": "3.1.1",
      "resolved": "https://registry.npmjs.org/@iconify/iconify/-/iconify-3.1.1.tgz",
      "integrity": "sha512-1nemfyD/OJzh9ALepH7YfuuP8BdEB24Skhd8DXWh0hzcOxImbb1ZizSZkpCzAwSZSGcJFmscIBaBQu+yLyWaxQ==",
      "deprecated": "no longer maintained, switch to modern iconify-icon web component",
      "dependencies": {
        "@iconify/types": "^2.0.0"
      },
      "funding": {
        "url": "https://github.com/sponsors/cyberalien"
      }
    },
    "node_modules/@iconify/tailwind": {
      "version": "0.1.4",
      "resolved": "https://registry.npmjs.org/@iconify/tailwind/-/tailwind-0.1.4.tgz",
      "integrity": "sha512-U7RzcU2fkwOfMDsGQ3mtpLIaApSnqb+vgcJJknPPbg8/NF5s7tI1o5otEMfcpnLGk4PbYB8bxmKTz7IJVUlU2Q==",
      "dev": true,
      "dependencies": {
        "@iconify/types": "^2.0.0"
      },
      "funding": {
        "url": "https://github.com/sponsors/cyberalien"
      }
    },
    "node_modules/@iconify/types": {
      "version": "2.0.0",
      "resolved": "https://registry.npmjs.org/@iconify/types/-/types-2.0.0.tgz",
      "integrity": "sha512-+wluvCrRhXrhyOmRDJ3q8mux9JkKy5SJ/v8ol2tu4FVjyYvtEzkc/3pK15ET6RKg4b4w4BmTk1+gsCUhf21Ykg=="
    }
  }
}
